Microsoft Visual Studio Solution File, Format Version 12.00
# Visual Studio Version 17
VisualStudioVersion = 17.0.31903.59
MinimumVisualStudioVersion = 10.0.40219.1
Project("{FAE04EC0-301F-11D3-BF4B-00C04F79EFBC}") = "DumpToTxt.App", "src\DumpToTxt.App\DumpToTxt.App.csproj", "{E6A023A1-1817-44DD-9D20-B305DAE075CD}"
EndProject
Project("{FAE04EC0-301F-11D3-BF4B-00C04F79EFBC}") = "DumpToTxt.Core", "src\DumpToTxt.Core\DumpToTxt.Core.csproj", "{79483D87-B0BF-4F9C-AA20-1AA94E846B3B}"
EndProject
Project("{FAE04EC0-301F-11D3-BF4B-00C04F79EFBC}") = "DumpToTxt.Tests", "tests\Core\DumpToTxt.Tests.csproj", "{2F2C9A62-3C8E-47B8-B8D5-53EDB0629B2B}"
EndProject
Project("{FAE04EC0-301F-11D3-BF4B-00C04F79EFBC}") = "DumpToTxt.Stress", "tests\Stress\DumpToTxt.Stress.csproj", "{3FEA7DC7-CA1A-4FB3-A5DB-05AAC44166D2}"
EndProject
Global
	GlobalSection(SolutionConfigurationPlatforms) = preSolution
		Debug|Any CPU = Debug|Any CPU
		Debug|x64 = Debug|x64
		Debug|x86 = Debug|x86
		Release|Any CPU = Release|Any CPU
		Release|x64 = Release|x64
		Release|x86 = Release|x86
	EndGlobalSection
	GlobalSection(ProjectConfigurationPlatforms) = postSolution
		{3FEA7DC7-CA1A-4FB3-A5DB-05AAC44166D2}.Debug|Any CPU.ActiveCfg = Debug|Any CPU
		{3FEA7DC7-CA1A-4FB3-A5DB-05AAC44166D2}.Debug|Any CPU.Build.0 = Debug|Any CPU
		{3FEA7DC7-CA1A-4FB3-A5DB-05AAC44166D2}.Debug|x64.ActiveCfg = Debug|Any CPU
		{3FEA7DC7-CA1A-4FB3-A5DB-05AAC44166D2}.Debug|x64.Build.0 = Debug|Any CPU
		{3FEA7DC7-CA1A-4FB3-A5DB-05AAC44166D2}.Debug|x86.ActiveCfg = Debug|Any CPU
		{3FEA7DC7-CA1A-4FB3-A5DB-05AAC44166D2}.Debug|x86.Build.0 = Debug|Any CPU
		{3FEA7DC7-CA1A-4FB3-A5DB-05AAC44166D2}.Release|Any CPU.ActiveCfg = Release|Any CPU
		{3FEA7DC7-CA1A-4FB3-A5DB-05AAC44166D2}.Release|Any CPU.Build.0 = Release|Any CPU
		{3FEA7DC7-CA1A-4FB3-A5DB-05AAC44166D2}.Release|x64.ActiveCfg = Release|Any CPU
		{3FEA7DC7-CA1A-4FB3-A5DB-05AAC44166D2}.Release|x64.Build.0 = Release|Any CPU
		{3FEA7DC7-CA1A-4FB3-A5DB-05AAC44166D2}.Release|x86.ActiveCfg = Release|Any CPU
		{3FEA7DC7-CA1A-4FB3-A5DB-05AAC44166D2}.Release|x86.Build.0 = Release|Any CPU
		{E6A023A1-1817-44DD-9D20-B305DAE075CD}.Debug|Any CPU.ActiveCfg = Debug|Any CPU
		{E6A023A1-1817-44DD-9D20-B305DAE075CD}.Debug|Any CPU.Build.0 = Debug|Any CPU
		{E6A023A1-1817-44DD-9D20-B305DAE075CD}.Debug|x64.ActiveCfg = Debug|Any CPU
		{E6A023A1-1817-44DD-9D20-B305DAE075CD}.Debug|x64.Build.0 = Debug|Any CPU
		{E6A023A1-1817-44DD-9D20-B305DAE075CD}.Debug|x86.ActiveCfg = Debug|Any CPU
		{E6A023A1-1817-44DD-9D20-B305DAE075CD}.Debug|x86.Build.0 = Debug|Any CPU
		{E6A023A1-1817-44DD-9D20-B305DAE075CD}.Release|Any CPU.ActiveCfg = Release|Any CPU
		{E6A023A1-1817-44DD-9D20-B305DAE075CD}.Release|Any CPU.Build.0 = Release|Any CPU
		{E6A023A1-1817-44DD-9D20-B305DAE075CD}.Release|x64.ActiveCfg = Release|Any CPU
		{E6A023A1-1817-44DD-9D20-B305DAE075CD}.Release|x64.Build.0 = Release|Any CPU
		{E6A023A1-1817-44DD-9D20-B305DAE075CD}.Release|x86.ActiveCfg = Release|Any CPU
		{E6A023A1-1817-44DD-9D20-B305DAE075CD}.Release|x86.Build.0 = Release|Any CPU
		{79483D87-B0BF-4F9C-AA20-1AA94E846B3B}.Debug|Any CPU.ActiveCfg = Debug|Any CPU
		{79483D87-B0BF-4F9C-AA20-1AA94E846B3B}.Debug|Any CPU.Build.0 = Debug|Any CPU
		{79483D87-B0BF-4F9C-AA20-1AA94E846B3B}.Debug|x64.ActiveCfg = Debug|Any CPU
		{79483D87-B0BF-4F9C-AA20-1AA94E846B3B}.Debug|x64.Build.0 = Debug|Any CPU
		{79483D87-B0BF-4F9C-AA20-1AA94E846B3B}.Debug|x86.ActiveCfg = Debug|Any CPU
		{79483D87-B0BF-4F9C-AA20-1AA94E846B3B}.Debug|x86.Build.0 = Debug|Any CPU
		{79483D87-B0BF-4F9C-AA20-1AA94E846B3B}.Release|Any CPU.ActiveCfg = Release|Any CPU
		{79483D87-B0BF-4F9C-AA20-1AA94E846B3B}.Release|Any CPU.Build.0 = Release|Any CPU
		{79483D87-B0BF-4F9C-AA20-1AA94E846B3B}.Release|x64.ActiveCfg = Release|Any CPU
		{79483D87-B0BF-4F9C-AA20-1AA94E846B3B}.Release|x64.Build.0 = Release|Any CPU
		{79483D87-B0BF-4F9C-AA20-1AA94E846B3B}.Release|x86.ActiveCfg = Release|Any CPU
		{79483D87-B0BF-4F9C-AA20-1AA94E846B3B}.Release|x86.Build.0 = Release|Any CPU
		{2F2C9A62-3C8E-47B8-B8D5-53EDB0629B2B}.Debug|Any CPU.ActiveCfg = Debug|Any CPU
		{2F2C9A62-3C8E-47B8-B8D5-53EDB0629B2B}.Debug|Any CPU.Build.0 = Debug|Any CPU
		{2F2C9A62-3C8E-47B8-B8D5-53EDB0629B2B}.Debug|x64.ActiveCfg = Debug|Any CPU
		{2F2C9A62-3C8E-47B8-B8D5-53EDB0629B2B}.Debug|x64.Build.0 = Debug|Any CPU
		{2F2C9A62-3C8E-47B8-B8D5-53EDB0629B2B}.Debug|x86.ActiveCfg = Debug|Any CPU
		{2F2C9A62-3C8E-47B8-B8D5-53EDB0629B2B}.Debug|x86.Build.0 = Debug|Any CPU
		{2F2C9A62-3C8E-47B8-B8D5-53EDB0629B2B}.Release|Any CPU.ActiveCfg = Release|Any CPU
		{2F2C9A62-3C8E-47B8-B8D5-53EDB0629B2B}.Release|Any CPU.Build.0 = Release|Any CPU
		{2F2C9A62-3C8E-47B8-B8D5-53EDB0629B2B}.Release|x64.ActiveCfg = Release|Any CPU
		{2F2C9A62-3C8E-47B8-B8D5-53EDB0629B2B}.Release|x64.Build.0 = Release|Any CPU
		{2F2C9A62-3C8E-47B8-B8D5-53EDB0629B2B}.Release|x86.ActiveCfg = Release|Any CPU
		{2F2C9A62-3C8E-47B8-B8D5-53EDB0629B2B}.Release|x86.Build.0 = Release|Any CPU
	EndGlobalSection
	GlobalSection(SolutionProperties) = preSolution
		HideSolutionNode = FALSE
	EndGlobalSection
EndGlobal
